
Microsoft Visual Studio Solution File, Format Version 12.00
# Visual Studio Version 17
VisualStudioVersion = 17.8.34408.163
MinimumVisualStudioVersion = 10.0.40219.1
Project("{FAE04EC0-301F-11D3-BF4B-00C04F79EFBC}") = "BankLoan", "BankLoan\BankLoan.csproj", "{8AF941B4-2AF8-41DB-814C-91319F90C903}"
EndProject
Project("{FAE04EC0-301F-11D3-BF4B-00C04F79EFBC}") = "LoanType", "ILoan\LoanType.csproj", "{93A2E146-6804-4F6A-AF62-50AB22EBECEC}"
EndProject
Global
	GlobalSection(SolutionConfigurationPlatforms) = preSolution
		Debug|Any CPU = Debug|Any CPU
		Release|Any CPU = Release|Any CPU
	EndGlobalSection
	GlobalSection(ProjectConfigurationPlatforms) = postSolution
		{8AF941B4-2AF8-41DB-814C-91319F90C903}.Debug|Any CPU.ActiveCfg = Debug|Any CPU
		{8AF941B4-2AF8-41DB-814C-91319F90C903}.Debug|Any CPU.Build.0 = Debug|Any CPU
		{8AF941B4-2AF8-41DB-814C-91319F90C903}.Release|Any CPU.ActiveCfg = Release|Any CPU
		{8AF941B4-2AF8-41DB-814C-91319F90C903}.Release|Any CPU.Build.0 = Release|Any CPU
		{93A2E146-6804-4F6A-AF62-50AB22EBECEC}.Debug|Any CPU.ActiveCfg = Debug|Any CPU
		{93A2E146-6804-4F6A-AF62-50AB22EBECEC}.Debug|Any CPU.Build.0 = Debug|Any CPU
		{93A2E146-6804-4F6A-AF62-50AB22EBECEC}.Release|Any CPU.ActiveCfg = Release|Any CPU
		{93A2E146-6804-4F6A-AF62-50AB22EBECEC}.Release|Any CPU.Build.0 = Release|Any CPU
	EndGlobalSection
	GlobalSection(SolutionProperties) = preSolution
		HideSolutionNode = FALSE
	EndGlobalSection
	GlobalSection(ExtensibilityGlobals) = postSolution
		SolutionGuid = {AA5F0ECB-D808-478F-825D-7D57FDA26F26}
	EndGlobalSection
EndGlobal
